
Microsoft Visual Studio Solution File, Format Version 12.00
# Visual Studio Version 17
VisualStudioVersion = 17.8.34511.84
MinimumVisualStudioVersion = 10.0.40219.1
Project("{8BC9CEB8-8B4A-11D0-8D11-00A0C91BC942}") = "Media", "..\Media.prj\Media.vcxproj", "{14E1988F-6D7C-4FF8-958C-0966A56234FD}"
	ProjectSection(ProjectDependencies) = postProject
		{D0FDD57B-5315-4E31-B0C9-FCFB7A0285F6} = {D0FDD57B-5315-4E31-B0C9-FCFB7A0285F6}
	EndProjectSection
EndProject
Project("{930C7802-8A8C-48F9-8165-68863BCCD9DD}") = "MediaWix", "..\Media.wix\MediaWix.wixproj", "{C5E79EF7-7235-46A6-882F-2AA4922ED575}"
	ProjectSection(ProjectDependencies) = postProject
		{14E1988F-6D7C-4FF8-958C-0966A56234FD} = {14E1988F-6D7C-4FF8-958C-0966A56234FD}
	EndProjectSection
EndProject
Project("{8BC9CEB8-8B4A-11D0-8D11-00A0C91BC942}") = "MediaHlp", "..\Media.hlp\MediaHlp.vcxproj", "{38F19257-ED81-4125-B054-B57E80B17ACA}"
EndProject
Project("{8BC9CEB8-8B4A-11D0-8D11-00A0C91BC942}") = "Library", "..\..\Library\Library\Library.vcxproj", "{CF57F3EC-D3DB-4469-8519-3F9D73785D9B}"
	ProjectSection(ProjectDependencies) = postProject
		{38F19257-ED81-4125-B054-B57E80B17ACA} = {38F19257-ED81-4125-B054-B57E80B17ACA}
	EndProjectSection
EndProject
Project("{8BC9CEB8-8B4A-11D0-8D11-00A0C91BC942}") = "DocView", "..\..\Library\DocView\DocView.vcxproj", "{D0FDD57B-5315-4E31-B0C9-FCFB7A0285F6}"
EndProject
Global
	GlobalSection(SolutionConfigurationPlatforms) = preSolution
		Debug|Win32 = Debug|Win32
		Release|Win32 = Release|Win32
	EndGlobalSection
	GlobalSection(ProjectConfigurationPlatforms) = postSolution
		{14E1988F-6D7C-4FF8-958C-0966A56234FD}.Debug|Win32.ActiveCfg = Debug|Win32
		{14E1988F-6D7C-4FF8-958C-0966A56234FD}.Debug|Win32.Build.0 = Debug|Win32
		{14E1988F-6D7C-4FF8-958C-0966A56234FD}.Release|Win32.ActiveCfg = Release|Win32
		{14E1988F-6D7C-4FF8-958C-0966A56234FD}.Release|Win32.Build.0 = Release|Win32
		{C5E79EF7-7235-46A6-882F-2AA4922ED575}.Debug|Win32.ActiveCfg = Debug|x86
		{C5E79EF7-7235-46A6-882F-2AA4922ED575}.Release|Win32.ActiveCfg = Release|x86
		{C5E79EF7-7235-46A6-882F-2AA4922ED575}.Release|Win32.Build.0 = Release|x86
		{38F19257-ED81-4125-B054-B57E80B17ACA}.Debug|Win32.ActiveCfg = Debug|Win32
		{38F19257-ED81-4125-B054-B57E80B17ACA}.Debug|Win32.Build.0 = Debug|Win32
		{38F19257-ED81-4125-B054-B57E80B17ACA}.Release|Win32.ActiveCfg = Release|Win32
		{38F19257-ED81-4125-B054-B57E80B17ACA}.Release|Win32.Build.0 = Release|Win32
		{CF57F3EC-D3DB-4469-8519-3F9D73785D9B}.Debug|Win32.ActiveCfg = Debug|Win32
		{CF57F3EC-D3DB-4469-8519-3F9D73785D9B}.Debug|Win32.Build.0 = Debug|Win32
		{CF57F3EC-D3DB-4469-8519-3F9D73785D9B}.Release|Win32.ActiveCfg = Release|Win32
		{CF57F3EC-D3DB-4469-8519-3F9D73785D9B}.Release|Win32.Build.0 = Release|Win32
		{D0FDD57B-5315-4E31-B0C9-FCFB7A0285F6}.Debug|Win32.ActiveCfg = Debug|Win32
		{D0FDD57B-5315-4E31-B0C9-FCFB7A0285F6}.Debug|Win32.Build.0 = Debug|Win32
		{D0FDD57B-5315-4E31-B0C9-FCFB7A0285F6}.Release|Win32.ActiveCfg = Release|Win32
		{D0FDD57B-5315-4E31-B0C9-FCFB7A0285F6}.Release|Win32.Build.0 = Release|Win32
	EndGlobalSection
	GlobalSection(SolutionProperties) = preSolution
		HideSolutionNode = FALSE
	EndGlobalSection
	GlobalSection(ExtensibilityGlobals) = postSolution
		SolutionGuid = {744944DB-E8FA-4084-B069-EA5F4E850B46}
	EndGlobalSection
EndGlobal
